
Microsoft Visual Studio Solution File, Format Version 12.00
# Visual Studio Version 16
VisualStudioVersion = 16.0.28803.202
MinimumVisualStudioVersion = 10.0.40219.1
Project("{FAE04EC0-301F-11D3-BF4B-00C04F79EFBC}") = "TestApp1", "TestApp1\TestApp1.csproj", "{6AFD1211-CFF1-4612-A74D-485DAF2C72D5}"
EndProject
Global
	GlobalSection(SolutionConfigurationPlatforms) = preSolution
		Debug|Any CPU = Debug|Any CPU
		Release|Any CPU = Release|Any CPU
	EndGlobalSection
	GlobalSection(ProjectConfigurationPlatforms) = postSolution
		{6AFD1211-CFF1-4612-A74D-485DAF2C72D5}.Debug|Any CPU.ActiveCfg = Debug|Any CPU
		{6AFD1211-CFF1-4612-A74D-485DAF2C72D5}.Debug|Any CPU.Build.0 = Debug|Any CPU
		{6AFD1211-CFF1-4612-A74D-485DAF2C72D5}.Release|Any CPU.ActiveCfg = Release|Any CPU
		{6AFD1211-CFF1-4612-A74D-485DAF2C72D5}.Release|Any CPU.Build.0 = Release|Any CPU
	EndGlobalSection
	GlobalSection(SolutionProperties) = preSolution
		HideSolutionNode = FALSE
	EndGlobalSection
	GlobalSection(ExtensibilityGlobals) = postSolution
		SolutionGuid = {516E2DB9-8086-49A1-90CF-DF28E6B12EEB}
	EndGlobalSection
EndGlobal
